
Microsoft Visual Studio Solution File, Format Version 12.00
# Visual Studio 15
VisualStudioVersion = 15.0.27703.2000
MinimumVisualStudioVersion = 10.0.40219.1
Project("{9A19103F-16F7-4668-BE54-9A1E7A4F7556}") = "CoreBackend.Api", "CoreBackend.Api\CoreBackend.Api.csproj", "{22BCED18-1FE8-48D6-AA69-7150D68E4671}"
EndProject
Project("{FAE04EC0-301F-11D3-BF4B-00C04F79EFBC}") = "FileUpDownload", "FileUpDownload\FileUpDownload.csproj", "{03FC9758-C2F8-4237-A2F4-6AC1BF01E908}"
EndProject
Project("{9A19103F-16F7-4668-BE54-9A1E7A4F7556}") = "AuthServer", "AuthServer\AuthServer.csproj", "{ACAEFBE5-CB74-4C97-8CBD-EB1929A11126}"
EndProject
Project("{FAE04EC0-301F-11D3-BF4B-00C04F79EFBC}") = "TestAPI", "TestAPI\TestAPI.csproj", "{AE87D00B-D680-404C-A81F-89EDDFEA5DA1}"
EndProject
Global
	GlobalSection(SolutionConfigurationPlatforms) = preSolution
		Debug|Any CPU = Debug|Any CPU
		Release|Any CPU = Release|Any CPU
	EndGlobalSection
	GlobalSection(ProjectConfigurationPlatforms) = postSolution
		{22BCED18-1FE8-48D6-AA69-7150D68E4671}.Debug|Any CPU.ActiveCfg = Debug|Any CPU
		{22BCED18-1FE8-48D6-AA69-7150D68E4671}.Debug|Any CPU.Build.0 = Debug|Any CPU
		{22BCED18-1FE8-48D6-AA69-7150D68E4671}.Release|Any CPU.ActiveCfg = Release|Any CPU
		{22BCED18-1FE8-48D6-AA69-7150D68E4671}.Release|Any CPU.Build.0 = Release|Any CPU
		{03FC9758-C2F8-4237-A2F4-6AC1BF01E908}.Debug|Any CPU.ActiveCfg = Debug|Any CPU
		{03FC9758-C2F8-4237-A2F4-6AC1BF01E908}.Debug|Any CPU.Build.0 = Debug|Any CPU
		{03FC9758-C2F8-4237-A2F4-6AC1BF01E908}.Release|Any CPU.ActiveCfg = Release|Any CPU
		{03FC9758-C2F8-4237-A2F4-6AC1BF01E908}.Release|Any CPU.Build.0 = Release|Any CPU
		{ACAEFBE5-CB74-4C97-8CBD-EB1929A11126}.Debug|Any CPU.ActiveCfg = Debug|Any CPU
		{ACAEFBE5-CB74-4C97-8CBD-EB1929A11126}.Debug|Any CPU.Build.0 = Debug|Any CPU
		{ACAEFBE5-CB74-4C97-8CBD-EB1929A11126}.Release|Any CPU.ActiveCfg = Release|Any CPU
		{ACAEFBE5-CB74-4C97-8CBD-EB1929A11126}.Release|Any CPU.Build.0 = Release|Any CPU
		{AE87D00B-D680-404C-A81F-89EDDFEA5DA1}.Debug|Any CPU.ActiveCfg = Debug|Any CPU
		{AE87D00B-D680-404C-A81F-89EDDFEA5DA1}.Debug|Any CPU.Build.0 = Debug|Any CPU
		{AE87D00B-D680-404C-A81F-89EDDFEA5DA1}.Release|Any CPU.ActiveCfg = Release|Any CPU
		{AE87D00B-D680-404C-A81F-89EDDFEA5DA1}.Release|Any CPU.Build.0 = Release|Any CPU
	EndGlobalSection
	GlobalSection(SolutionProperties) = preSolution
		HideSolutionNode = FALSE
	EndGlobalSection
	GlobalSection(ExtensibilityGlobals) = postSolution
		SolutionGuid = {F1FD5D91-0CA9-4AD9-9EE0-AEC263737A35}
	EndGlobalSection
EndGlobal
